
Microsoft Visual Studio Solution File, Format Version 12.00
# Visual Studio Version 17
VisualStudioVersion = 17.7.34221.43
MinimumVisualStudioVersion = 10.0.40219.1
Project("{FAE04EC0-301F-11D3-BF4B-00C04F79EFBC}") = "WpfApp3", "WpfApp3\WpfApp3.csproj", "{4C69F591-58C7-47E5-84DE-6ACEF2368CDF}"
EndProject
Global
	GlobalSection(SolutionConfigurationPlatforms) = preSolution
		Debug|Any CPU = Debug|Any CPU
		Release|Any CPU = Release|Any CPU
	EndGlobalSection
	GlobalSection(ProjectConfigurationPlatforms) = postSolution
		{4C69F591-58C7-47E5-84DE-6ACEF2368CDF}.Debug|Any CPU.ActiveCfg = Debug|Any CPU
		{4C69F591-58C7-47E5-84DE-6ACEF2368CDF}.Debug|Any CPU.Build.0 = Debug|Any CPU
		{4C69F591-58C7-47E5-84DE-6ACEF2368CDF}.Release|Any CPU.ActiveCfg = Release|Any CPU
		{4C69F591-58C7-47E5-84DE-6ACEF2368CDF}.Release|Any CPU.Build.0 = Release|Any CPU
	EndGlobalSection
	GlobalSection(SolutionProperties) = preSolution
		HideSolutionNode = FALSE
	EndGlobalSection
	GlobalSection(ExtensibilityGlobals) = postSolution
		SolutionGuid = {45188031-B3E5-439D-9E69-41CC77D762A8}
	EndGlobalSection
EndGlobal
